
Microsoft Visual Studio Solution File, Format Version 12.00
# Visual Studio Version 17
VisualStudioVersion = 17.3.32811.315
MinimumVisualStudioVersion = 10.0.40219.1
Project("{2150E333-8FDC-42A3-9474-1A3956D46DE8}") = "Solution Items", "Solution Items", "{FEC063BB-7E10-449B-BA5A-EA0A19906782}"
	ProjectSection(SolutionItems) = preProject
		ComponentServiceProvider.md = ComponentServiceProvider.md
		Readme.md = Readme.md
	EndProjectSection
EndProject
Project("{9A19103F-16F7-4668-BE54-9A1E7A4F7556}") = "Blazr.ComponentBase.Server", "Blazr.ComponentBase.Server\Blazr.ComponentBase.Server.csproj", "{D819556D-70DE-489F-871A-984536F1866F}"
EndProject
Global
	GlobalSection(SolutionConfigurationPlatforms) = preSolution
		Debug|Any CPU = Debug|Any CPU
		Release|Any CPU = Release|Any CPU
	EndGlobalSection
	GlobalSection(ProjectConfigurationPlatforms) = postSolution
		{D819556D-70DE-489F-871A-984536F1866F}.Debug|Any CPU.ActiveCfg = Debug|Any CPU
		{D819556D-70DE-489F-871A-984536F1866F}.Debug|Any CPU.Build.0 = Debug|Any CPU
		{D819556D-70DE-489F-871A-984536F1866F}.Release|Any CPU.ActiveCfg = Release|Any CPU
		{D819556D-70DE-489F-871A-984536F1866F}.Release|Any CPU.Build.0 = Release|Any CPU
	EndGlobalSection
	GlobalSection(SolutionProperties) = preSolution
		HideSolutionNode = FALSE
	EndGlobalSection
	GlobalSection(ExtensibilityGlobals) = postSolution
		SolutionGuid = {6147AEEE-9AA8-4A26-84CF-05CADA6A3574}
	EndGlobalSection
EndGlobal
